{
  "name": "kintone-migrate-projects",
  "version": "1.0.0",
  "lockfileVersion": 3,
  "requires": true,
  "packages": {
    "": {
      "name": "kintone-migrate-projects",
      "version": "1.0.0",
      "license": "ISC",
      "dependencies": {
        "@maykoncapellari/cli-builder": "^1.0.11",
        "csv-parse": "^5.5.3",
        "mime": "^4.0.4"
      }
    },
    "node_modules/@maykoncapellari/cli-builder": {
      "version": "1.0.11",
      "resolved": "https://registry.npmjs.org/@maykoncapellari/cli-builder/-/cli-builder-1.0.11.tgz",
      "integrity": "sha512-Fdo5i5bRxH2+/eeQ9zyT349otwmpHQ+jOrhvd1WHILxhRiGU6uP0N3RxXRta35ibetqnYrW66g0QrA72XuVvQw=="
    },
    "node_modules/csv-parse": {
      "version": "5.5.3",
      "resolved": "https://registry.npmjs.org/csv-parse/-/csv-parse-5.5.3.tgz",
      "integrity": "sha512-v0KW6C0qlZzoGjk6u5tLmVfyZxNgPGXZsWTXshpAgKVGmGXzaVWGdlCFxNx5iuzcXT/oJN1HHM9DZKwtAtYa+A=="
    },
    "node_modules/mime": {
      "version": "4.0.4",
      "resolved": "https://registry.npmjs.org/mime/-/mime-4.0.4.tgz",
      "integrity": "sha512-v8yqInVjhXyqP6+Kw4fV3ZzeMRqEW6FotRsKXjRS5VMTNIuXsdRoAvklpoRgSqXm6o9VNH4/C0mgedko9DdLsQ==",
      "funding": [
        "https://github.com/sponsors/broofa"
      ],
      "bin": {
        "mime": "bin/cli.js"
      },
      "engines": {
        "node": ">=16"
      }
    }
  }
}
